
Microsoft Visual Studio Solution File, Format Version 12.00
# Visual Studio Version 17
VisualStudioVersion = 17.5.33516.290
MinimumVisualStudioVersion = 10.0.40219.1
Project("{9A19103F-16F7-4668-BE54-9A1E7A4F7556}") = "CompositePattern", "CompositePattern\CompositePattern.csproj", "{EA634F6A-09CE-4874-91AC-95F86BC34C43}"
EndProject
Global
	GlobalSection(SolutionConfigurationPlatforms) = preSolution
		Debug|Any CPU = Debug|Any CPU
		Release|Any CPU = Release|Any CPU
	EndGlobalSection
	GlobalSection(ProjectConfigurationPlatforms) = postSolution
		{EA634F6A-09CE-4874-91AC-95F86BC34C43}.Debug|Any CPU.ActiveCfg = Debug|Any CPU
		{EA634F6A-09CE-4874-91AC-95F86BC34C43}.Debug|Any CPU.Build.0 = Debug|Any CPU
		{EA634F6A-09CE-4874-91AC-95F86BC34C43}.Release|Any CPU.ActiveCfg = Release|Any CPU
		{EA634F6A-09CE-4874-91AC-95F86BC34C43}.Release|Any CPU.Build.0 = Release|Any CPU
	EndGlobalSection
	GlobalSection(SolutionProperties) = preSolution
		HideSolutionNode = FALSE
	EndGlobalSection
	GlobalSection(ExtensibilityGlobals) = postSolution
		SolutionGuid = {3718CA27-6184-4236-80B4-07783FA57E09}
	EndGlobalSection
EndGlobal
